// !$*UTF8*$!
{
	archiveVersion = 1;
	classes = {
	};
	objectVersion = 50;
	objects = {

/* Begin PBXBuildFile section */
		49C9DE2C21E510A400800343 /* AppDelegate.swift in Sources */ = {isa = PBXBuildFile; fileRef = 49C9DE2B21E510A400800343 /* AppDelegate.swift */; };
		49C9DE2E21E510A400800343 /* ViewController.swift in Sources */ = {isa = PBXBuildFile; fileRef = 49C9DE2D21E510A400800343 /* ViewController.swift */; };
		49C9DE3121E510A400800343 /* Main.storyboard in Resources */ = {isa = PBXBuildFile; fileRef = 49C9DE2F21E510A400800343 /* Main.storyboard */; };
		49C9DE3421E510A400800343 /* Rhythmeo_3.xcdatamodeld in Sources */ = {isa = PBXBuildFile; fileRef = 49C9DE3221E510A400800343 /* Rhythmeo_3.xcdatamodeld */; };
		49C9DE3621E510A600800343 /* Assets.xcassets in Resources */ = {isa = PBXBuildFile; fileRef = 49C9DE3521E510A600800343 /* Assets.xcassets */; };
		49C9DE3921E510A600800343 /* LaunchScreen.storyboard in Resources */ = {isa = PBXBuildFile; fileRef = 49C9DE3721E510A600800343 /* LaunchScreen.storyboard */; };
		49C9DE4421E510A600800343 /* Rhythmeo_3Tests.swift in Sources */ = {isa = PBXBuildFile; fileRef = 49C9DE4321E510A600800343 /* Rhythmeo_3Tests.swift */; };
		49C9DE4F21E510A600800343 /* Rhythmeo_3UITests.swift in Sources */ = {isa = PBXBuildFile; fileRef = 49C9DE4E21E510A600800343 /* Rhythmeo_3UITests.swift */; };
/* End PBXBuildFile section */

/* Begin PBXContainerItemProxy section */
		49C9DE4021E510A600800343 /* PBXContainerItemProxy */ = {
			isa = PBXContainerItemProxy;
			containerPortal = 49C9DE2021E510A400800343 /* Project object */;
			proxyType = 1;
			remoteGlobalIDString = 49C9DE2721E510A400800343;
			remoteInfo = "Rhythmeo 3";
		};
		49C9DE4B21E510A600800343 /* PBXContainerItemProxy */ = {
			isa = PBXContainerItemProxy;
			containerPortal = 49C9DE2021E510A400800343 /* Project object */;
			proxyType = 1;
			remoteGlobalIDString = 49C9DE2721E510A400800343;
			remoteInfo = "Rhythmeo 3";
		};
/* End PBXContainerItemProxy section */

/* Begin PBXFileReference section */
		49C9DE2821E510A400800343 /* Rhythmeo 3.app */ = {isa = PBXFileReference; explicitFileType = wrapper.application; includeInIndex = 0; path = "Rhythmeo 3.app"; sourceTree = BUILT_PRODUCTS_DIR; };
		49C9DE2B21E510A400800343 /* AppDelegate.swift */ = {isa = PBXFileReference; lastKnownFileType = sourcecode.swift; path = AppDelegate.swift; sourceTree = "<group>"; };
		49C9DE2D21E510A400800343 /* ViewController.swift */ = {isa = PBXFileReference; lastKnownFileType = sourcecode.swift; path = ViewController.swift; sourceTree = "<group>"; };
		49C9DE3021E510A400800343 /* Base */ = {isa = PBXFileReference; lastKnownFileType = file.storyboard; name = Base; path = Base.lproj/Main.storyboard; sourceTree = "<group>"; };
		49C9DE3321E510A400800343 /* Rhythmeo_3.xcdatamodel */ = {isa = PBXFileReference; lastKnownFileType = wrapper.xcdatamodel; path = Rhythmeo_3.xcdatamodel; sourceTree = "<group>"; };
		49C9DE3521E510A600800343 /* Assets.xcassets */ = {isa = PBXFileReference; lastKnownFileType = folder.assetcatalog; path = Assets.xcassets; sourceTree = "<group>"; };
		49C9DE3821E510A600800343 /* Base */ = {isa = PBXFileReference; lastKnownFileType = file.storyboard; name = Base; path = Base.lproj/LaunchScreen.storyboard; sourceTree = "<group>"; };
		49C9DE3A21E510A600800343 /* Info.plist */ = {isa = PBXFileReference; lastKnownFileType = text.plist.xml; path = Info.plist; sourceTree = "<group>"; };
		49C9DE3F21E510A600800343 /* Rhythmeo 3Tests.xctest */ = {isa = PBXFileReference; explicitFileType = wrapper.cfbundle; includeInIndex = 0; path = "Rhythmeo 3Tests.xctest"; sourceTree = BUILT_PRODUCTS_DIR; };
		49C9DE4321E510A600800343 /* Rhythmeo_3Tests.swift */ = {isa = PBXFileReference; lastKnownFileType = sourcecode.swift; path = Rhythmeo_3Tests.swift; sourceTree = "<group>"; };
		49C9DE4521E510A600800343 /* Info.plist */ = {isa = PBXFileReference; lastKnownFileType = text.plist.xml; path = Info.plist; sourceTree = "<group>"; };
		49C9DE4A21E510A600800343 /* Rhythmeo 3UITests.xctest */ = {isa = PBXFileReference; explicitFileType = wrapper.cfbundle; includeInIndex = 0; path = "Rhythmeo 3UITests.xctest"; sourceTree = BUILT_PRODUCTS_DIR; };
		49C9DE4E21E510A600800343 /* Rhythmeo_3UITests.swift */ = {isa = PBXFileReference; lastKnownFileType = sourcecode.swift; path = Rhythmeo_3UITests.swift; sourceTree = "<group>"; };
		49C9DE5021E510A600800343 /* Info.plist */ = {isa = PBXFileReference; lastKnownFileType = text.plist.xml; path = Info.plist; sourceTree = "<group>"; };
/* End PBXFileReference section */

/* Begin PBXFrameworksBuildPhase section */
		49C9DE2521E510A400800343 /* Frameworks */ = {
			isa = PBXFrameworksBuildPhase;
			buildActionMask = 2147483647;
			files = (
			);
			runOnlyForDeploymentPostprocessing = 0;
		};
		49C9DE3C21E510A600800343 /* Frameworks */ = {
			isa = PBXFrameworksBuildPhase;
			buildActionMask = 2147483647;
			files = (
			);
			runOnlyForDeploymentPostprocessing = 0;
		};
		49C9DE4721E510A600800343 /* Frameworks */ = {
			isa = PBXFrameworksBuildPhase;
			buildActionMask = 2147483647;
			files = (
			);
			runOnlyForDeploymentPostprocessing = 0;
		};
/* End PBXFrameworksBuildPhase section */

/* Begin PBXGroup section */
		49C9DE1F21E510A400800343 = {
			isa = PBXGroup;
			children = (
				49C9DE2A21E510A400800343 /* Rhythmeo 3 */,
				49C9DE4221E510A600800343 /* Rhythmeo 3Tests */,
				49C9DE4D21E510A600800343 /* Rhythmeo 3UITests */,
				49C9DE2921E510A400800343 /* Products */,
			);
			sourceTree = "<group>";
		};
		49C9DE2921E510A400800343 /* Products */ = {
			isa = PBXGroup;
			children = (
				49C9DE2821E510A400800343 /* Rhythmeo 3.app */,
				49C9DE3F21E510A600800343 /* Rhythmeo 3Tests.xctest */,
				49C9DE4A21E510A600800343 /* Rhythmeo 3UITests.xctest */,
			);
			name = Products;
			sourceTree = "<group>";
		};
		49C9DE2A21E510A400800343 /* Rhythmeo 3 */ = {
			isa = PBXGroup;
			children = (
				49C9DE2B21E510A400800343 /* AppDelegate.swift */,
				49C9DE2D21E510A400800343 /* ViewController.swift */,
				49C9DE2F21E510A400800343 /* Main.storyboard */,
				49C9DE3521E510A600800343 /* Assets.xcassets */,
				49C9DE3721E510A600800343 /* LaunchScreen.storyboard */,
				49C9DE3A21E510A600800343 /* Info.plist */,
				49C9DE3221E510A400800343 /* Rhythmeo_3.xcdatamodeld */,
			);
			path = "Rhythmeo 3";
			sourceTree = "<group>";
		};
		49C9DE4221E510A600800343 /* Rhythmeo 3Tests */ = {
			isa = PBXGroup;
			children = (
				49C9DE4321E510A600800343 /* Rhythmeo_3Tests.swift */,
				49C9DE4521E510A600800343 /* Info.plist */,
			);
			path = "Rhythmeo 3Tests";
			sourceTree = "<group>";
		};
		49C9DE4D21E510A600800343 /* Rhythmeo 3UITests */ = {
			isa = PBXGroup;
			children = (
				49C9DE4E21E510A600800343 /* Rhythmeo_3UITests.swift */,
				49C9DE5021E510A600800343 /* Info.plist */,
			);
			path = "Rhythmeo 3UITests";
			sourceTree = "<group>";
		};
/* End PBXGroup section */

/* Begin PBXNativeTarget section */
		49C9DE2721E510A400800343 /* Rhythmeo 3 */ = {
			isa = PBXNativeTarget;
			buildConfigurationList = 49C9DE5321E510A600800343 /* Build configuration list for PBXNativeTarget "Rhythmeo 3" */;
			buildPhases = (
				49C9DE2421E510A400800343 /* Sources */,
				49C9DE2521E510A400800343 /* Frameworks */,
				49C9DE2621E510A400800343 /* Resources */,
			);
			buildRules = (
			);
			dependencies = (
			);
			name = "Rhythmeo 3";
			productName = "Rhythmeo 3";
			productReference = 49C9DE2821E510A400800343 /* Rhythmeo 3.app */;
			productType = "com.apple.product-type.application";
		};
		49C9DE3E21E510A600800343 /* Rhythmeo 3Tests */ = {
			isa = PBXNativeTarget;
			buildConfigurationList = 49C9DE5621E510A600800343 /* Build configuration list for PBXNativeTarget "Rhythmeo 3Tests" */;
			buildPhases = (
				49C9DE3B21E510A600800343 /* Sources */,
				49C9DE3C21E510A600800343 /* Frameworks */,
				49C9DE3D21E510A600800343 /* Resources */,
			);
			buildRules = (
			);
			dependencies = (
				49C9DE4121E510A600800343 /* PBXTargetDependency */,
			);
			name = "Rhythmeo 3Tests";
			productName = "Rhythmeo 3Tests";
			productReference = 49C9DE3F21E510A600800343 /* Rhythmeo 3Tests.xctest */;
			productType = "com.apple.product-type.bundle.unit-test";
		};
		49C9DE4921E510A600800343 /* Rhythmeo 3UITests */ = {
			isa = PBXNativeTarget;
			buildConfigurationList = 49C9DE5921E510A600800343 /* Build configuration list for PBXNativeTarget "Rhythmeo 3UITests" */;
			buildPhases = (
				49C9DE4621E510A600800343 /* Sources */,
				49C9DE4721E510A600800343 /* Frameworks */,
				49C9DE4821E510A600800343 /* Resources */,
			);
			buildRules = (
			);
			dependencies = (
				49C9DE4C21E510A600800343 /* PBXTargetDependency */,
			);
			name = "Rhythmeo 3UITests";
			productName = "Rhythmeo 3UITests";
			productReference = 49C9DE4A21E510A600800343 /* Rhythmeo 3UITests.xctest */;
			productType = "com.apple.product-type.bundle.ui-testing";
		};
/* End PBXNativeTarget section */

/* Begin PBXProject section */
		49C9DE2021E510A400800343 /* Project object */ = {
			isa = PBXProject;
			attributes = {
				LastSwiftUpdateCheck = 1010;
				LastUpgradeCheck = 1010;
				ORGANIZATIONNAME = "Andrew Istoc";
				TargetAttributes = {
					49C9DE2721E510A400800343 = {
						CreatedOnToolsVersion = 10.1;
					};
					49C9DE3E21E510A600800343 = {
						CreatedOnToolsVersion = 10.1;
						TestTargetID = 49C9DE2721E510A400800343;
					};
					49C9DE4921E510A600800343 = {
						CreatedOnToolsVersion = 10.1;
						TestTargetID = 49C9DE2721E510A400800343;
					};
				};
			};
			buildConfigurationList = 49C9DE2321E510A400800343 /* Build configuration list for PBXProject "Rhythmeo 3" */;
			compatibilityVersion = "Xcode 9.3";
			developmentRegion = en;
			hasScannedForEncodings = 0;
			knownRegions = (
				en,
				Base,
			);
			mainGroup = 49C9DE1F21E510A400800343;
			productRefGroup = 49C9DE2921E510A400800343 /* Products */;
			projectDirPath = "";
			projectRoot = "";
			targets = (
				49C9DE2721E510A400800343 /* Rhythmeo 3 */,
				49C9DE3E21E510A600800343 /* Rhythmeo 3Tests */,
				49C9DE4921E510A600800343 /* Rhythmeo 3UITests */,
			);
		};
/* End PBXProject section */

/* Begin PBXResourcesBuildPhase section */
		49C9DE2621E510A400800343 /* Resources */ = {
			isa = PBXResourcesBuildPhase;
			buildActionMask = 2147483647;
			files = (
				49C9DE3921E510A600800343 /* LaunchScreen.storyboard in Resources */,
				49C9DE3621E510A600800343 /* Assets.xcassets in Resources */,
				49C9DE3121E510A400800343 /* Main.storyboard in Resources */,
			);
			runOnlyForDeploymentPostprocessing = 0;
		};
		49C9DE3D21E510A600800343 /* Resources */ = {
			isa = PBXResourcesBuildPhase;
			buildActionMask = 2147483647;
			files = (
			);
			runOnlyForDeploymentPostprocessing = 0;
		};
		49C9DE4821E510A600800343 /* Resources */ = {
			isa = PBXResourcesBuildPhase;
			buildActionMask = 2147483647;
			files = (
			);
			runOnlyForDeploymentPostprocessing = 0;
		};
/* End PBXResourcesBuildPhase section */

/* Begin PBXSourcesBuildPhase section */
		49C9DE2421E510A400800343 /* Sources */ = {
			isa = PBXSourcesBuildPhase;
			buildActionMask = 2147483647;
			files = (
				49C9DE2E21E510A400800343 /* ViewController.swift in Sources */,
				49C9DE3421E510A400800343 /* Rhythmeo_3.xcdatamodeld in Sources */,
				49C9DE2C21E510A400800343 /* AppDelegate.swift in Sources */,
			);
			runOnlyForDeploymentPostprocessing = 0;
		};
		49C9DE3B21E510A600800343 /* Sources */ = {
			isa = PBXSourcesBuildPhase;
			buildActionMask = 2147483647;
			files = (
				49C9DE4421E510A600800343 /* Rhythmeo_3Tests.swift in Sources */,
			);
			runOnlyForDeploymentPostprocessing = 0;
		};
		49C9DE4621E510A600800343 /* Sources */ = {
			isa = PBXSourcesBuildPhase;
			buildActionMask = 2147483647;
			files = (
				49C9DE4F21E510A600800343 /* Rhythmeo_3UITests.swift in Sources */,
			);
			runOnlyForDeploymentPostprocessing = 0;
		};
/* End PBXSourcesBuildPhase section */

/* Begin PBXTargetDependency section */
		49C9DE4121E510A600800343 /* PBXTargetDependency */ = {
			isa = PBXTargetDependency;
			target = 49C9DE2721E510A400800343 /* Rhythmeo 3 */;
			targetProxy = 49C9DE4021E510A600800343 /* PBXContainerItemProxy */;
		};
		49C9DE4C21E510A600800343 /* PBXTargetDependency */ = {
			isa = PBXTargetDependency;
			target = 49C9DE2721E510A400800343 /* Rhythmeo 3 */;
			targetProxy = 49C9DE4B21E510A600800343 /* PBXContainerItemProxy */;
		};
/* End PBXTargetDependency section */

/* Begin PBXVariantGroup section */
		49C9DE2F21E510A400800343 /* Main.storyboard */ = {
			isa = PBXVariantGroup;
			children = (
				49C9DE3021E510A400800343 /* Base */,
			);
			name = Main.storyboard;
			sourceTree = "<group>";
		};
		49C9DE3721E510A600800343 /* LaunchScreen.storyboard */ = {
			isa = PBXVariantGroup;
			children = (
				49C9DE3821E510A600800343 /* Base */,
			);
			name = LaunchScreen.storyboard;
			sourceTree = "<group>";
		};
/* End PBXVariantGroup section */

/* Begin XCBuildConfiguration section */
		49C9DE5121E510A600800343 /* Debug */ = {
			isa = XCBuildConfiguration;
			buildSettings = {
				ALWAYS_SEARCH_USER_PATHS = NO;
				CLANG_ANALYZER_NONNULL = YES;
				CLANG_ANALYZER_NUMBER_OBJECT_CONVERSION = YES_AGGRESSIVE;
				CLANG_CXX_LANGUAGE_STANDARD = "gnu++14";
				CLANG_CXX_LIBRARY = "libc++";
				CLANG_ENABLE_MODULES = YES;
				CLANG_ENABLE_OBJC_ARC = YES;
				CLANG_ENABLE_OBJC_WEAK = YES;
				CLANG_WARN_BLOCK_CAPTURE_AUTORELEASING = YES;
				CLANG_WARN_BOOL_CONVERSION = YES;
				CLANG_WARN_COMMA = YES;
				CLANG_WARN_CONSTANT_CONVERSION = YES;
				CLANG_WARN_DEPRECATED_OBJC_IMPLEMENTATIONS = YES;
				CLANG_WARN_DIRECT_OBJC_ISA_USAGE = YES_ERROR;
				CLANG_WARN_DOCUMENTATION_COMMENTS = YES;
				CLANG_WARN_EMPTY_BODY = YES;
				CLANG_WARN_ENUM_CONVERSION = YES;
				CLANG_WARN_INFINITE_RECURSION = YES;
				CLANG_WARN_INT_CONVERSION = YES;
				CLANG_WARN_NON_LITERAL_NULL_CONVERSION = YES;
				CLANG_WARN_OBJC_IMPLICIT_RETAIN_SELF = YES;
				CLANG_WARN_OBJC_LITERAL_CONVERSION = YES;
				CLANG_WARN_OBJC_ROOT_CLASS = YES_ERROR;
				CLANG_WARN_RANGE_LOOP_ANALYSIS = YES;
				CLANG_WARN_STRICT_PROTOTYPES = YES;
				CLANG_WARN_SUSPICIOUS_MOVE = YES;
				CLANG_WARN_UNGUARDED_AVAILABILITY = YES_AGGRESSIVE;
				CLANG_WARN_UNREACHABLE_CODE = YES;
				CLANG_WARN__DUPLICATE_METHOD_MATCH = YES;
				CODE_SIGN_IDENTITY = "iPhone Developer";
				COPY_PHASE_STRIP = NO;
				DEBUG_INFORMATION_FORMAT = dwarf;
				ENABLE_STRICT_OBJC_MSGSEND = YES;
				ENABLE_TESTABILITY = YES;
				GCC_C_LANGUAGE_STANDARD = gnu11;
				GCC_DYNAMIC_NO_PIC = NO;
				GCC_NO_COMMON_BLOCKS = YES;
				GCC_OPTIMIZATION_LEVEL = 0;
				GCC_PREPROCESSOR_DEFINITIONS = (
					"DEBUG=1",
					"$(inherited)",
				);
				GCC_WARN_64_TO_32_BIT_CONVERSION = YES;
				GCC_WARN_ABOUT_RETURN_TYPE = YES_ERROR;
				GCC_WARN_UNDECLARED_SELECTOR = YES;
				GCC_WARN_UNINITIALIZED_AUTOS = YES_AGGRESSIVE;
				GCC_WARN_UNUSED_FUNCTION = YES;
				GCC_WARN_UNUSED_VARIABLE = YES;
				IPHONEOS_DEPLOYMENT_TARGET = 12.1;
				MTL_ENABLE_DEBUG_INFO = INCLUDE_SOURCE;
				MTL_FAST_MATH = YES;
				ONLY_ACTIVE_ARCH = YES;
				SDKROOT = iphoneos;
				SWIFT_ACTIVE_COMPILATION_CONDITIONS = DEBUG;
				SWIFT_OPTIMIZATION_LEVEL = "-Onone";
			};
			name = Debug;
		};
		49C9DE5221E510A600800343 /* Release */ = {
			isa = XCBuildConfiguration;
			buildSettings = {
				ALWAYS_SEARCH_USER_PATHS = NO;
				CLANG_ANALYZER_NONNULL = YES;
				CLANG_ANALYZER_NUMBER_OBJECT_CONVERSION = YES_AGGRESSIVE;
				CLANG_CXX_LANGUAGE_STANDARD = "gnu++14";
				CLANG_CXX_LIBRARY = "libc++";
				CLANG_ENABLE_MODULES = YES;
				CLANG_ENABLE_OBJC_ARC = YES;
				CLANG_ENABLE_OBJC_WEAK = YES;
				CLANG_WARN_BLOCK_CAPTURE_AUTORELEASING = YES;
				CLANG_WARN_BOOL_CONVERSION = YES;
				CLANG_WARN_COMMA = YES;
				CLANG_WARN_CONSTANT_CONVERSION = YES;
				CLANG_WARN_DEPRECATED_OBJC_IMPLEMENTATIONS = YES;
				CLANG_WARN_DIRECT_OBJC_ISA_USAGE = YES_ERROR;
				CLANG_WARN_DOCUMENTATION_COMMENTS = YES;
				CLANG_WARN_EMPTY_BODY = YES;
				CLANG_WARN_ENUM_CONVERSION = YES;
				CLANG_WARN_INFINITE_RECURSION = YES;
				CLANG_WARN_INT_CONVERSION = YES;
				CLANG_WARN_NON_LITERAL_NULL_CONVERSION = YES;
				CLANG_WARN_OBJC_IMPLICIT_RETAIN_SELF = YES;
				CLANG_WARN_OBJC_LITERAL_CONVERSION = YES;
				CLANG_WARN_OBJC_ROOT_CLASS = YES_ERROR;
				CLANG_WARN_RANGE_LOOP_ANALYSIS = YES;
				CLANG_WARN_STRICT_PROTOTYPES = YES;
				CLANG_WARN_SUSPICIOUS_MOVE = YES;
				CLANG_WARN_UNGUARDED_AVAILABILITY = YES_AGGRESSIVE;
				CLANG_WARN_UNREACHABLE_CODE = YES;
				CLANG_WARN__DUPLICATE_METHOD_MATCH = YES;
				CODE_SIGN_IDENTITY = "iPhone Developer";
				COPY_PHASE_STRIP = NO;
				DEBUG_INFORMATION_FORMAT = "dwarf-with-dsym";
				ENABLE_NS_ASSERTIONS = NO;
				ENABLE_STRICT_OBJC_MSGSEND = YES;
				GCC_C_LANGUAGE_STANDARD = gnu11;
				GCC_NO_COMMON_BLOCKS = YES;
				GCC_WARN_64_TO_32_BIT_CONVERSION = YES;
				GCC_WARN_ABOUT_RETURN_TYPE = YES_ERROR;
				GCC_WARN_UNDECLARED_SELECTOR = YES;
				GCC_WARN_UNINITIALIZED_AUTOS = YES_AGGRESSIVE;
				GCC_WARN_UNUSED_FUNCTION = YES;
				GCC_WARN_UNUSED_VARIABLE = YES;
				IPHONEOS_DEPLOYMENT_TARGET = 12.1;
				MTL_ENABLE_DEBUG_INFO = NO;
				MTL_FAST_MATH = YES;
				SDKROOT = iphoneos;
				SWIFT_COMPILATION_MODE = wholemodule;
				SWIFT_OPTIMIZATION_LEVEL = "-O";
				VALIDATE_PRODUCT = YES;
			};
			name = Release;
		};
		49C9DE5421E510A600800343 /* Debug */ = {
			isa = XCBuildConfiguration;
			buildSettings = {
				ASSETCATALOG_COMPILER_APPICON_NAME = AppIcon;
				CODE_SIGN_STYLE = Automatic;
				DEVELOPMENT_TEAM = PA3CQKBV4P;
				INFOPLIST_FILE = "Rhythmeo 3/Info.plist";
				IPHONEOS_DEPLOYMENT_TARGET = 11.0;
				LD_RUNPATH_SEARCH_PATHS = (
					"$(inherited)",
					"@executable_path/Frameworks",
				);
				PRODUCT_BUNDLE_IDENTIFIER = "com.andreistoc.Rhythmeo-3";
				PRODUCT_NAME = "$(TARGET_NAME)";
				SWIFT_VERSION = 4.2;
				TARGETED_DEVICE_FAMILY = "1,2";
			};
			name = Debug;
		};
		49C9DE5521E510A600800343 /* Release */ = {
			isa = XCBuildConfiguration;
			buildSettings = {
				ASSETCATALOG_COMPILER_APPICON_NAME = AppIcon;
				CODE_SIGN_STYLE = Automatic;
				DEVELOPMENT_TEAM = PA3CQKBV4P;
				INFOPLIST_FILE = "Rhythmeo 3/Info.plist";
				IPHONEOS_DEPLOYMENT_TARGET = 11.0;
				LD_RUNPATH_SEARCH_PATHS = (
					"$(inherited)",
					"@executable_path/Frameworks",
				);
				PRODUCT_BUNDLE_IDENTIFIER = "com.andreistoc.Rhythmeo-3";
				PRODUCT_NAME = "$(TARGET_NAME)";
				SWIFT_VERSION = 4.2;
				TARGETED_DEVICE_FAMILY = "1,2";
			};
			name = Release;
		};
		49C9DE5721E510A600800343 /* Debug */ = {
			isa = XCBuildConfiguration;
			buildSettings = {
				ALWAYS_EMBED_SWIFT_STANDARD_LIBRARIES = YES;
				BUNDLE_LOADER = "$(TEST_HOST)";
				CODE_SIGN_STYLE = Automatic;
				DEVELOPMENT_TEAM = PA3CQKBV4P;
				INFOPLIST_FILE = "Rhythmeo 3Tests/Info.plist";
				LD_RUNPATH_SEARCH_PATHS = (
					"$(inherited)",
					"@executable_path/Frameworks",
					"@loader_path/Frameworks",
				);
				PRODUCT_BUNDLE_IDENTIFIER = "com.andreistoc.Rhythmeo-3Tests";
				PRODUCT_NAME = "$(TARGET_NAME)";
				SWIFT_VERSION = 4.2;
				TARGETED_DEVICE_FAMILY = "1,2";
				TEST_HOST = "$(BUILT_PRODUCTS_DIR)/Rhythmeo 3.app/Rhythmeo 3";
			};
			name = Debug;
		};
		49C9DE5821E510A600800343 /* Release */ = {
			isa = XCBuildConfiguration;
			buildSettings = {
				ALWAYS_EMBED_SWIFT_STANDARD_LIBRARIES = YES;
				BUNDLE_LOADER = "$(TEST_HOST)";
				CODE_SIGN_STYLE = Automatic;
				DEVELOPMENT_TEAM = PA3CQKBV4P;
				INFOPLIST_FILE = "Rhythmeo 3Tests/Info.plist";
				LD_RUNPATH_SEARCH_PATHS = (
					"$(inherited)",
					"@executable_path/Frameworks",
					"@loader_path/Frameworks",
				);
				PRODUCT_BUNDLE_IDENTIFIER = "com.andreistoc.Rhythmeo-3Tests";
				PRODUCT_NAME = "$(TARGET_NAME)";
				SWIFT_VERSION = 4.2;
				TARGETED_DEVICE_FAMILY = "1,2";
				TEST_HOST = "$(BUILT_PRODUCTS_DIR)/Rhythmeo 3.app/Rhythmeo 3";
			};
			name = Release;
		};
		49C9DE5A21E510A600800343 /* Debug */ = {
			isa = XCBuildConfiguration;
			buildSettings = {
				ALWAYS_EMBED_SWIFT_STANDARD_LIBRARIES = YES;
				CODE_SIGN_STYLE = Automatic;
				DEVELOPMENT_TEAM = PA3CQKBV4P;
				INFOPLIST_FILE = "Rhythmeo 3UITests/Info.plist";
				LD_RUNPATH_SEARCH_PATHS = (
					"$(inherited)",
					"@executable_path/Frameworks",
					"@loader_path/Frameworks",
				);
				PRODUCT_BUNDLE_IDENTIFIER = "com.andreistoc.Rhythmeo-3UITests";
				PRODUCT_NAME = "$(TARGET_NAME)";
				SWIFT_VERSION = 4.2;
				TARGETED_DEVICE_FAMILY = "1,2";
				TEST_TARGET_NAME = "Rhythmeo 3";
			};
			name = Debug;
		};
		49C9DE5B21E510A600800343 /* Release */ = {
			isa = XCBuildConfiguration;
			buildSettings = {
				ALWAYS_EMBED_SWIFT_STANDARD_LIBRARIES = YES;
				CODE_SIGN_STYLE = Automatic;
				DEVELOPMENT_TEAM = PA3CQKBV4P;
				INFOPLIST_FILE = "Rhythmeo 3UITests/Info.plist";
				LD_RUNPATH_SEARCH_PATHS = (
					"$(inherited)",
					"@executable_path/Frameworks",
					"@loader_path/Frameworks",
				);
				PRODUCT_BUNDLE_IDENTIFIER = "com.andreistoc.Rhythmeo-3UITests";
				PRODUCT_NAME = "$(TARGET_NAME)";
				SWIFT_VERSION = 4.2;
				TARGETED_DEVICE_FAMILY = "1,2";
				TEST_TARGET_NAME = "Rhythmeo 3";
			};
			name = Release;
		};
/* End XCBuildConfiguration section */

/* Begin XCConfigurationList section */
		49C9DE2321E510A400800343 /* Build configuration list for PBXProject "Rhythmeo 3" */ = {
			isa = XCConfigurationList;
			buildConfigurations = (
				49C9DE5121E510A600800343 /* Debug */,
				49C9DE5221E510A600800343 /* Release */,
			);
			defaultConfigurationIsVisible = 0;
			defaultConfigurationName = Release;
		};
		49C9DE5321E510A600800343 /* Build configuration list for PBXNativeTarget "Rhythmeo 3" */ = {
			isa = XCConfigurationList;
			buildConfigurations = (
				49C9DE5421E510A600800343 /* Debug */,
				49C9DE5521E510A600800343 /* Release */,
			);
			defaultConfigurationIsVisible = 0;
			defaultConfigurationName = Release;
		};
		49C9DE5621E510A600800343 /* Build configuration list for PBXNativeTarget "Rhythmeo 3Tests" */ = {
			isa = XCConfigurationList;
			buildConfigurations = (
				49C9DE5721E510A600800343 /* Debug */,
				49C9DE5821E510A600800343 /* Release */,
			);
			defaultConfigurationIsVisible = 0;
			defaultConfigurationName = Release;
		};
		49C9DE5921E510A600800343 /* Build configuration list for PBXNativeTarget "Rhythmeo 3UITests" */ = {
			isa = XCConfigurationList;
			buildConfigurations = (
				49C9DE5A21E510A600800343 /* Debug */,
				49C9DE5B21E510A600800343 /* Release */,
			);
			defaultConfigurationIsVisible = 0;
			defaultConfigurationName = Release;
		};
/* End XCConfigurationList section */

/* Begin XCVersionGroup section */
		49C9DE3221E510A400800343 /* Rhythmeo_3.xcdatamodeld */ = {
			isa = XCVersionGroup;
			children = (
				49C9DE3321E510A400800343 /* Rhythmeo_3.xcdatamodel */,
			);
			currentVersion = 49C9DE3321E510A400800343 /* Rhythmeo_3.xcdatamodel */;
			path = Rhythmeo_3.xcdatamodeld;
			sourceTree = "<group>";
			versionGroupType = wrapper.xcdatamodel;
		};
/* End XCVersionGroup section */
	};
	rootObject = 49C9DE2021E510A400800343 /* Project object */;
}
